
Microsoft Visual Studio Solution File, Format Version 12.00
# Visual Studio 15
VisualStudioVersion = 15.0.28307.168
MinimumVisualStudioVersion = 10.0.40219.1
Project("{FAE04EC0-301F-11D3-BF4B-00C04F79EFBC}") = "HopesPartners_alpha", "HopesPartners_alpha\HopesPartners_alpha.csproj", "{8E2967A2-0365-4A08-B271-2C1C793D127D}"
EndProject
Global
	GlobalSection(SolutionConfigurationPlatforms) = preSolution
		Debug|Any CPU = Debug|Any CPU
		Release|Any CPU = Release|Any CPU
	EndGlobalSection
	GlobalSection(ProjectConfigurationPlatforms) = postSolution
		{8E2967A2-0365-4A08-B271-2C1C793D127D}.Debug|Any CPU.ActiveCfg = Debug|Any CPU
		{8E2967A2-0365-4A08-B271-2C1C793D127D}.Debug|Any CPU.Build.0 = Debug|Any CPU
		{8E2967A2-0365-4A08-B271-2C1C793D127D}.Release|Any CPU.ActiveCfg = Release|Any CPU
		{8E2967A2-0365-4A08-B271-2C1C793D127D}.Release|Any CPU.Build.0 = Release|Any CPU
	EndGlobalSection
	GlobalSection(SolutionProperties) = preSolution
		HideSolutionNode = FALSE
	EndGlobalSection
	GlobalSection(ExtensibilityGlobals) = postSolution
		SolutionGuid = {FDA3450A-7FD5-478A-B1D5-3E8ECF400265}
	EndGlobalSection
EndGlobal
